
Microsoft Visual Studio Solution File, Format Version 12.00
# Visual Studio Version 16
VisualStudioVersion = 16.0.30503.244
MinimumVisualStudioVersion = 10.0.40219.1
Project("{FAE04EC0-301F-11D3-BF4B-00C04F79EFBC}") = "AsymmetricEncryption.Library", "AsymmetricEncryption.Library\AsymmetricEncryption.Library.csproj", "{D9F3F03E-29C4-482A-96E2-8A11FBAE5F4D}"
EndProject
Project("{FAE04EC0-301F-11D3-BF4B-00C04F79EFBC}") = "AsymmetricEncryption.Sender", "AsymmetricEncryption.Sender\AsymmetricEncryption.Sender.csproj", "{B952EA93-75B5-4EBF-9301-148013CE81B9}"
EndProject
Project("{FAE04EC0-301F-11D3-BF4B-00C04F79EFBC}") = "AsymmetricEncryption.Reciver", "AsymmetricEncryption.Reciver\AsymmetricEncryption.Reciver.csproj", "{DE0CCB10-7885-48AD-87C6-6AD89F2C994B}"
EndProject
Global
	GlobalSection(SolutionConfigurationPlatforms) = preSolution
		Debug|Any CPU = Debug|Any CPU
		Release|Any CPU = Release|Any CPU
	EndGlobalSection
	GlobalSection(ProjectConfigurationPlatforms) = postSolution
		{D9F3F03E-29C4-482A-96E2-8A11FBAE5F4D}.Debug|Any CPU.ActiveCfg = Debug|Any CPU
		{D9F3F03E-29C4-482A-96E2-8A11FBAE5F4D}.Debug|Any CPU.Build.0 = Debug|Any CPU
		{D9F3F03E-29C4-482A-96E2-8A11FBAE5F4D}.Release|Any CPU.ActiveCfg = Release|Any CPU
		{D9F3F03E-29C4-482A-96E2-8A11FBAE5F4D}.Release|Any CPU.Build.0 = Release|Any CPU
		{B952EA93-75B5-4EBF-9301-148013CE81B9}.Debug|Any CPU.ActiveCfg = Debug|Any CPU
		{B952EA93-75B5-4EBF-9301-148013CE81B9}.Debug|Any CPU.Build.0 = Debug|Any CPU
		{B952EA93-75B5-4EBF-9301-148013CE81B9}.Release|Any CPU.ActiveCfg = Release|Any CPU
		{B952EA93-75B5-4EBF-9301-148013CE81B9}.Release|Any CPU.Build.0 = Release|Any CPU
		{DE0CCB10-7885-48AD-87C6-6AD89F2C994B}.Debug|Any CPU.ActiveCfg = Debug|Any CPU
		{DE0CCB10-7885-48AD-87C6-6AD89F2C994B}.Debug|Any CPU.Build.0 = Debug|Any CPU
		{DE0CCB10-7885-48AD-87C6-6AD89F2C994B}.Release|Any CPU.ActiveCfg = Release|Any CPU
		{DE0CCB10-7885-48AD-87C6-6AD89F2C994B}.Release|Any CPU.Build.0 = Release|Any CPU
	EndGlobalSection
	GlobalSection(SolutionProperties) = preSolution
		HideSolutionNode = FALSE
	EndGlobalSection
	GlobalSection(ExtensibilityGlobals) = postSolution
		SolutionGuid = {5D95130E-2257-4211-9416-F79EEA618632}
	EndGlobalSection
EndGlobal
